
Microsoft Visual Studio Solution File, Format Version 12.00
# Visual Studio Version 17
VisualStudioVersion = 17.8.34309.116
MinimumVisualStudioVersion = 10.0.40219.1
Project("{FAE04EC0-301F-11D3-BF4B-00C04F79EFBC}") = "ScienceFestival.REST", "ScienceFestival.REST\ScienceFestival.REST.csproj", "{703BF975-C201-4B86-96D8-B5FB7F396EFF}"
EndProject
Project("{FAE04EC0-301F-11D3-BF4B-00C04F79EFBC}") = "ScienceFestival.REST.Gateway", "ScienceFestival.REST.Gateway\ScienceFestival.REST.Gateway.csproj", "{ACFF1E5B-769B-4E56-A759-28DFF274820A}"
EndProject
Project("{FAE04EC0-301F-11D3-BF4B-00C04F79EFBC}") = "ScienceFestival.Async", "ScienceFestival.Async\ScienceFestival.Async.csproj", "{EE13AEEF-2613-42AD-84CC-F7A82FEC12B6}"
EndProject
Global
	GlobalSection(SolutionConfigurationPlatforms) = preSolution
		Debug|Any CPU = Debug|Any CPU
		Release|Any CPU = Release|Any CPU
	EndGlobalSection
	GlobalSection(ProjectConfigurationPlatforms) = postSolution
		{703BF975-C201-4B86-96D8-B5FB7F396EFF}.Debug|Any CPU.ActiveCfg = Debug|Any CPU
		{703BF975-C201-4B86-96D8-B5FB7F396EFF}.Debug|Any CPU.Build.0 = Debug|Any CPU
		{703BF975-C201-4B86-96D8-B5FB7F396EFF}.Release|Any CPU.ActiveCfg = Release|Any CPU
		{703BF975-C201-4B86-96D8-B5FB7F396EFF}.Release|Any CPU.Build.0 = Release|Any CPU
		{ACFF1E5B-769B-4E56-A759-28DFF274820A}.Debug|Any CPU.ActiveCfg = Debug|Any CPU
		{ACFF1E5B-769B-4E56-A759-28DFF274820A}.Debug|Any CPU.Build.0 = Debug|Any CPU
		{ACFF1E5B-769B-4E56-A759-28DFF274820A}.Release|Any CPU.ActiveCfg = Release|Any CPU
		{ACFF1E5B-769B-4E56-A759-28DFF274820A}.Release|Any CPU.Build.0 = Release|Any CPU
		{EE13AEEF-2613-42AD-84CC-F7A82FEC12B6}.Debug|Any CPU.ActiveCfg = Debug|Any CPU
		{EE13AEEF-2613-42AD-84CC-F7A82FEC12B6}.Debug|Any CPU.Build.0 = Debug|Any CPU
		{EE13AEEF-2613-42AD-84CC-F7A82FEC12B6}.Release|Any CPU.ActiveCfg = Release|Any CPU
		{EE13AEEF-2613-42AD-84CC-F7A82FEC12B6}.Release|Any CPU.Build.0 = Release|Any CPU
	EndGlobalSection
	GlobalSection(SolutionProperties) = preSolution
		HideSolutionNode = FALSE
	EndGlobalSection
	GlobalSection(ExtensibilityGlobals) = postSolution
		SolutionGuid = {F2130447-05B3-40FD-BF78-3D62A165920D}
	EndGlobalSection
EndGlobal
